github.com/kiyor/env v0.0.3 h1:UxHYhhh5nd1h+vPjNKJjpjlZsJXUmZzgaO58BNzytpE=
github.com/kiyor/env v0.0.3/go.mod h1:8ndFDbFat0H93zMSWdV1ysI7L4AoKmoLp9eFjxzqxjA=
github.com/kiyor/terminal v1.0.0 h1:/lkwnk811ADynuvJHXO0B2KSZ582Ha1LE+0hhHGr6Is=
github.com/kiyor/terminal v1.0.0/go.mod h1:ETPr2Op2ORY2zpk0N56yDhzP7QCy3UxjzxLyFhKDxEs=
